
Microsoft Visual Studio Solution File, Format Version 12.00
# Visual Studio Version 17
VisualStudioVersion = 17.4.33403.182
MinimumVisualStudioVersion = 10.0.40219.1
Project("{FAE04EC0-301F-11D3-BF4B-00C04F79EFBC}") = "Volkov_HW_WinForms_7", "Volkov_HW_WinForms_7\Volkov_HW_WinForms_7.csproj", "{B7D66838-97EB-49FF-BA52-206203047653}"
EndProject
Global
	GlobalSection(SolutionConfigurationPlatforms) = preSolution
		Debug|Any CPU = Debug|Any CPU
		Release|Any CPU = Release|Any CPU
	EndGlobalSection
	GlobalSection(ProjectConfigurationPlatforms) = postSolution
		{B7D66838-97EB-49FF-BA52-206203047653}.Debug|Any CPU.ActiveCfg = Debug|Any CPU
		{B7D66838-97EB-49FF-BA52-206203047653}.Debug|Any CPU.Build.0 = Debug|Any CPU
		{B7D66838-97EB-49FF-BA52-206203047653}.Release|Any CPU.ActiveCfg = Release|Any CPU
		{B7D66838-97EB-49FF-BA52-206203047653}.Release|Any CPU.Build.0 = Release|Any CPU
	EndGlobalSection
	GlobalSection(SolutionProperties) = preSolution
		HideSolutionNode = FALSE
	EndGlobalSection
	GlobalSection(ExtensibilityGlobals) = postSolution
		SolutionGuid = {8B7BE1D3-6703-47AA-8A7C-F08DF27D34D2}
	EndGlobalSection
EndGlobal
