
Microsoft Visual Studio Solution File, Format Version 12.00
# Visual Studio Version 17
VisualStudioVersion = 17.4.33403.182
MinimumVisualStudioVersion = 10.0.40219.1
Project("{FAE04EC0-301F-11D3-BF4B-00C04F79EFBC}") = "Task1", "Volkov_HW_WinForms_6\Task1.csproj", "{CE96F02A-FD4B-409A-9D2A-38F66F5D97D7}"
EndProject
Project("{FAE04EC0-301F-11D3-BF4B-00C04F79EFBC}") = "Task2", "Task2\Task2.csproj", "{21C11281-0B1A-457A-8060-E6EDA6AD287A}"
EndProject
Project("{FAE04EC0-301F-11D3-BF4B-00C04F79EFBC}") = "Task3", "Task3\Task3.csproj", "{B49A6511-AAB4-4CD2-8BFB-AB9459648123}"
EndProject
Global
	GlobalSection(SolutionConfigurationPlatforms) = preSolution
		Debug|Any CPU = Debug|Any CPU
		Release|Any CPU = Release|Any CPU
	EndGlobalSection
	GlobalSection(ProjectConfigurationPlatforms) = postSolution
		{CE96F02A-FD4B-409A-9D2A-38F66F5D97D7}.Debug|Any CPU.ActiveCfg = Debug|Any CPU
		{CE96F02A-FD4B-409A-9D2A-38F66F5D97D7}.Debug|Any CPU.Build.0 = Debug|Any CPU
		{CE96F02A-FD4B-409A-9D2A-38F66F5D97D7}.Release|Any CPU.ActiveCfg = Release|Any CPU
		{CE96F02A-FD4B-409A-9D2A-38F66F5D97D7}.Release|Any CPU.Build.0 = Release|Any CPU
		{21C11281-0B1A-457A-8060-E6EDA6AD287A}.Debug|Any CPU.ActiveCfg = Debug|Any CPU
		{21C11281-0B1A-457A-8060-E6EDA6AD287A}.Debug|Any CPU.Build.0 = Debug|Any CPU
		{21C11281-0B1A-457A-8060-E6EDA6AD287A}.Release|Any CPU.ActiveCfg = Release|Any CPU
		{21C11281-0B1A-457A-8060-E6EDA6AD287A}.Release|Any CPU.Build.0 = Release|Any CPU
		{B49A6511-AAB4-4CD2-8BFB-AB9459648123}.Debug|Any CPU.ActiveCfg = Debug|Any CPU
		{B49A6511-AAB4-4CD2-8BFB-AB9459648123}.Debug|Any CPU.Build.0 = Debug|Any CPU
		{B49A6511-AAB4-4CD2-8BFB-AB9459648123}.Release|Any CPU.ActiveCfg = Release|Any CPU
		{B49A6511-AAB4-4CD2-8BFB-AB9459648123}.Release|Any CPU.Build.0 = Release|Any CPU
	EndGlobalSection
	GlobalSection(SolutionProperties) = preSolution
		HideSolutionNode = FALSE
	EndGlobalSection
	GlobalSection(ExtensibilityGlobals) = postSolution
		SolutionGuid = {1C638CAC-9383-4618-B392-8B70B00FACA5}
	EndGlobalSection
EndGlobal
