
Microsoft Visual Studio Solution File, Format Version 12.00
# Visual Studio Version 17
VisualStudioVersion = 17.4.33403.182
MinimumVisualStudioVersion = 10.0.40219.1
Project("{FAE04EC0-301F-11D3-BF4B-00C04F79EFBC}") = "Volkov_HW_WinForms_1", "Volkov_HW_WinForms_1\Volkov_HW_WinForms_1.csproj", "{E3321AEF-C0DA-43BF-A1AA-F775DD88F384}"
EndProject
Global
	GlobalSection(SolutionConfigurationPlatforms) = preSolution
		Debug|Any CPU = Debug|Any CPU
		Release|Any CPU = Release|Any CPU
	EndGlobalSection
	GlobalSection(ProjectConfigurationPlatforms) = postSolution
		{E3321AEF-C0DA-43BF-A1AA-F775DD88F384}.Debug|Any CPU.ActiveCfg = Debug|Any CPU
		{E3321AEF-C0DA-43BF-A1AA-F775DD88F384}.Debug|Any CPU.Build.0 = Debug|Any CPU
		{E3321AEF-C0DA-43BF-A1AA-F775DD88F384}.Release|Any CPU.ActiveCfg = Release|Any CPU
		{E3321AEF-C0DA-43BF-A1AA-F775DD88F384}.Release|Any CPU.Build.0 = Release|Any CPU
	EndGlobalSection
	GlobalSection(SolutionProperties) = preSolution
		HideSolutionNode = FALSE
	EndGlobalSection
	GlobalSection(ExtensibilityGlobals) = postSolution
		SolutionGuid = {A8291354-59D3-4F74-9741-B45BD2507083}
	EndGlobalSection
EndGlobal
