
Microsoft Visual Studio Solution File, Format Version 12.00
# Visual Studio Version 17
VisualStudioVersion = 17.4.33403.182
MinimumVisualStudioVersion = 10.0.40219.1
Project("{FAE04EC0-301F-11D3-BF4B-00C04F79EFBC}") = "Volkov_HW_WinForms_8", "Volkov_HW_WinForms_8\Volkov_HW_WinForms_8.csproj", "{447268D9-F4FD-411F-BF68-70ADB09D283F}"
EndProject
Global
	GlobalSection(SolutionConfigurationPlatforms) = preSolution
		Debug|Any CPU = Debug|Any CPU
		Release|Any CPU = Release|Any CPU
	EndGlobalSection
	GlobalSection(ProjectConfigurationPlatforms) = postSolution
		{447268D9-F4FD-411F-BF68-70ADB09D283F}.Debug|Any CPU.ActiveCfg = Debug|Any CPU
		{447268D9-F4FD-411F-BF68-70ADB09D283F}.Debug|Any CPU.Build.0 = Debug|Any CPU
		{447268D9-F4FD-411F-BF68-70ADB09D283F}.Release|Any CPU.ActiveCfg = Release|Any CPU
		{447268D9-F4FD-411F-BF68-70ADB09D283F}.Release|Any CPU.Build.0 = Release|Any CPU
	EndGlobalSection
	GlobalSection(SolutionProperties) = preSolution
		HideSolutionNode = FALSE
	EndGlobalSection
	GlobalSection(ExtensibilityGlobals) = postSolution
		SolutionGuid = {CB5D208E-AE74-457E-8ACE-C7D69509FA5A}
	EndGlobalSection
EndGlobal
