
Microsoft Visual Studio Solution File, Format Version 12.00
# Visual Studio Version 17
VisualStudioVersion = 17.4.33403.182
MinimumVisualStudioVersion = 10.0.40219.1
Project("{FAE04EC0-301F-11D3-BF4B-00C04F79EFBC}") = "Volkov_HW_WinForms_14", "Volkov_HW_WinForms_14\Volkov_HW_WinForms_14.csproj", "{1E167CA7-3523-4B16-979B-5C32577B2716}"
EndProject
Global
	GlobalSection(SolutionConfigurationPlatforms) = preSolution
		Debug|Any CPU = Debug|Any CPU
		Release|Any CPU = Release|Any CPU
	EndGlobalSection
	GlobalSection(ProjectConfigurationPlatforms) = postSolution
		{1E167CA7-3523-4B16-979B-5C32577B2716}.Debug|Any CPU.ActiveCfg = Debug|Any CPU
		{1E167CA7-3523-4B16-979B-5C32577B2716}.Debug|Any CPU.Build.0 = Debug|Any CPU
		{1E167CA7-3523-4B16-979B-5C32577B2716}.Release|Any CPU.ActiveCfg = Release|Any CPU
		{1E167CA7-3523-4B16-979B-5C32577B2716}.Release|Any CPU.Build.0 = Release|Any CPU
	EndGlobalSection
	GlobalSection(SolutionProperties) = preSolution
		HideSolutionNode = FALSE
	EndGlobalSection
	GlobalSection(ExtensibilityGlobals) = postSolution
		SolutionGuid = {9E593B77-D157-4147-9201-4D42D39F8683}
	EndGlobalSection
EndGlobal
