
Microsoft Visual Studio Solution File, Format Version 12.00
# Visual Studio Version 17
VisualStudioVersion = 17.4.33403.182
MinimumVisualStudioVersion = 10.0.40219.1
Project("{FAE04EC0-301F-11D3-BF4B-00C04F79EFBC}") = "Volkov_HW_WinForms_17", "Volkov_HW_WinForms_17\Volkov_HW_WinForms_17.csproj", "{71D31F84-E6C7-4B61-BB8E-76C56EC015E3}"
EndProject
Global
	GlobalSection(SolutionConfigurationPlatforms) = preSolution
		Debug|Any CPU = Debug|Any CPU
		Release|Any CPU = Release|Any CPU
	EndGlobalSection
	GlobalSection(ProjectConfigurationPlatforms) = postSolution
		{71D31F84-E6C7-4B61-BB8E-76C56EC015E3}.Debug|Any CPU.ActiveCfg = Debug|Any CPU
		{71D31F84-E6C7-4B61-BB8E-76C56EC015E3}.Debug|Any CPU.Build.0 = Debug|Any CPU
		{71D31F84-E6C7-4B61-BB8E-76C56EC015E3}.Release|Any CPU.ActiveCfg = Release|Any CPU
		{71D31F84-E6C7-4B61-BB8E-76C56EC015E3}.Release|Any CPU.Build.0 = Release|Any CPU
	EndGlobalSection
	GlobalSection(SolutionProperties) = preSolution
		HideSolutionNode = FALSE
	EndGlobalSection
	GlobalSection(ExtensibilityGlobals) = postSolution
		SolutionGuid = {BBA9D722-DE66-4ED2-AD59-8466238C79F5}
	EndGlobalSection
EndGlobal
