
Microsoft Visual Studio Solution File, Format Version 12.00
# Visual Studio Version 17
VisualStudioVersion = 17.4.33403.182
MinimumVisualStudioVersion = 10.0.40219.1
Project("{FAE04EC0-301F-11D3-BF4B-00C04F79EFBC}") = "Volkov_HW_WinForms_10", "Volkov_HW_WinForms_10\Volkov_HW_WinForms_10.csproj", "{848BD11C-58CC-47C7-B19A-7A818B252FAE}"
EndProject
Global
	GlobalSection(SolutionConfigurationPlatforms) = preSolution
		Debug|Any CPU = Debug|Any CPU
		Release|Any CPU = Release|Any CPU
	EndGlobalSection
	GlobalSection(ProjectConfigurationPlatforms) = postSolution
		{848BD11C-58CC-47C7-B19A-7A818B252FAE}.Debug|Any CPU.ActiveCfg = Debug|Any CPU
		{848BD11C-58CC-47C7-B19A-7A818B252FAE}.Debug|Any CPU.Build.0 = Debug|Any CPU
		{848BD11C-58CC-47C7-B19A-7A818B252FAE}.Release|Any CPU.ActiveCfg = Release|Any CPU
		{848BD11C-58CC-47C7-B19A-7A818B252FAE}.Release|Any CPU.Build.0 = Release|Any CPU
	EndGlobalSection
	GlobalSection(SolutionProperties) = preSolution
		HideSolutionNode = FALSE
	EndGlobalSection
	GlobalSection(ExtensibilityGlobals) = postSolution
		SolutionGuid = {BDC3572E-9F91-4030-B7A7-B88E21431B1D}
	EndGlobalSection
EndGlobal
